{
  "originHash" : "fd8bf815be4388b0ce5169cd3e2a0463d4291d5b7f4792dc5cda4d45886f54dd",
  "pins" : [
    {
      "identity" : "depermaid",
      "kind" : "remoteSourceControl",
      "location" : "https://github.com/daikimat/depermaid.git",
      "state" : {
        "revision" : "0d34e7d36e4c71559841757277e491e494bf422f",
        "version" : "1.1.0"
      }
    },
    {
      "identity" : "swift-syntax",
      "kind" : "remoteSourceControl",
      "location" : "https://github.com/apple/swift-syntax.git",
      "state" : {
        "revision" : "4799286537280063c85a32f09884cfbca301b1a1",
        "version" : "602.0.0"
      }
    }
  ],
  "version" : 3
}
