{
  "originHash" : "b8e7b9f6140c9750c9c18715a6e657d44b995613d0ce7f2f9fd6478d39a57935",
  "pins" : [
    {
      "identity" : "depermaid",
      "kind" : "remoteSourceControl",
      "location" : "https://github.com/daikimat/depermaid.git",
      "state" : {
        "revision" : "0d34e7d36e4c71559841757277e491e494bf422f",
        "version" : "1.1.0"
      }
    },
    {
      "identity" : "swift-syntax",
      "kind" : "remoteSourceControl",
      "location" : "https://github.com/apple/swift-syntax.git",
      "state" : {
        "revision" : "f99ae8aa18f0cf0d53481901f88a0991dc3bd4a2",
        "version" : "601.0.1"
      }
    }
  ],
  "version" : 3
}
