{
  "originHash" : "b434bd163c892f8a79f4cec364b7f20ba768d871df6bd7522acb7dd76273398f",
  "pins" : [
    {
      "identity" : "swift-syntax",
      "kind" : "remoteSourceControl",
      "location" : "https://github.com/apple/swift-syntax.git",
      "state" : {
        "revision" : "2bc86522d115234d1f588efe2bcb4ce4be8f8b82",
        "version" : "510.0.3"
      }
    }
  ],
  "version" : 3
}
